
Microsoft Visual Studio Solution File, Format Version 12.00
# Visual Studio Version 17
VisualStudioVersion = 17.0.31611.283
MinimumVisualStudioVersion = 10.0.40219.1
Project("{9A19103F-16F7-4668-BE54-9A1E7A4F7556}") = "KGySoft.Drawing.Examples.Maui", "KGySoft.Drawing.Examples.Maui.csproj", "{B2080F66-EDC7-492B-B211-AC43C29D3807}"
EndProject
Project("{D954291E-2A0B-460D-934E-DC6B0785DB48}") = "KGySoft.Drawing.Examples.Shared", "..\_Shared\KGySoft.Drawing.Examples.Shared.shproj", "{AF687D89-616E-45E1-8BEB-1049B84B6167}"
EndProject
Global
	GlobalSection(SolutionConfigurationPlatforms) = preSolution
		Debug|Any CPU = Debug|Any CPU
		Release|Any CPU = Release|Any CPU
	EndGlobalSection
	GlobalSection(ProjectConfigurationPlatforms) = postSolution
		{B2080F66-EDC7-492B-B211-AC43C29D3807}.Debug|Any CPU.ActiveCfg = Debug|Any CPU
		{B2080F66-EDC7-492B-B211-AC43C29D3807}.Debug|Any CPU.Build.0 = Debug|Any CPU
		{B2080F66-EDC7-492B-B211-AC43C29D3807}.Debug|Any CPU.Deploy.0 = Debug|Any CPU
		{B2080F66-EDC7-492B-B211-AC43C29D3807}.Release|Any CPU.ActiveCfg = Release|Any CPU
		{B2080F66-EDC7-492B-B211-AC43C29D3807}.Release|Any CPU.Build.0 = Release|Any CPU
		{B2080F66-EDC7-492B-B211-AC43C29D3807}.Release|Any CPU.Deploy.0 = Release|Any CPU
	EndGlobalSection
	GlobalSection(SolutionProperties) = preSolution
		HideSolutionNode = FALSE
	EndGlobalSection
	GlobalSection(ExtensibilityGlobals) = postSolution
		SolutionGuid = {61F7FB11-1E47-470C-91E2-47F8143E1572}
	EndGlobalSection
	GlobalSection(SharedMSBuildProjectFiles) = preSolution
		..\_Shared\KGySoft.Drawing.Examples.Shared.projitems*{af687d89-616e-45e1-8beb-1049b84b6167}*SharedItemsImports = 13
		..\_Shared\KGySoft.Drawing.Examples.Shared.projitems*{b2080f66-edc7-492b-b211-ac43c29d3807}*SharedItemsImports = 5
	EndGlobalSection
EndGlobal
