
Microsoft Visual Studio Solution File, Format Version 12.00
# Visual Studio Version 17
VisualStudioVersion = 17.2.32630.192
MinimumVisualStudioVersion = 10.0.40219.1
Project("{2150E333-8FDC-42A3-9474-1A3956D46DE8}") = "_Solution Items", "_Solution Items", "{AB82A195-B1B7-4AC2-A196-34CF8E5F559E}"
	ProjectSection(SolutionItems) = preProject
		..\..\.editorconfig = ..\..\.editorconfig
		..\..\KGySoft.Drawing.ruleset = ..\..\KGySoft.Drawing.ruleset
		..\..\KGySoft.snk = ..\..\KGySoft.snk
		..\..\LICENSE = ..\..\LICENSE
		..\..\README.md = ..\..\README.md
	EndProjectSection
EndProject
Project("{2150E333-8FDC-42A3-9474-1A3956D46DE8}") = "SkiaSharp", "SkiaSharp", "{F70FA685-21B4-4F9E-843B-47298AD10C30}"
EndProject
Project("{9A19103F-16F7-4668-BE54-9A1E7A4F7556}") = "KGySoft.Drawing.Core", "..\..\KGySoft.Drawing.Core\KGySoft.Drawing.Core.csproj", "{D7E9819D-1286-45FC-A699-C29CAF9595D7}"
EndProject
Project("{9A19103F-16F7-4668-BE54-9A1E7A4F7556}") = "KGySoft.Drawing.SkiaSharp", "KGySoft.Drawing.SkiaSharp\KGySoft.Drawing.SkiaSharp.csproj", "{B407192C-D117-4F22-BEB7-94962ADF770D}"
EndProject
Project("{9A19103F-16F7-4668-BE54-9A1E7A4F7556}") = "KGySoft.Drawing.SkiaSharp.UnitTest", "KGySoft.Drawing.SkiaSharp.UnitTest\KGySoft.Drawing.SkiaSharp.UnitTest.csproj", "{79584CE2-DE5D-4BB9-960E-0312F8EEF3F9}"
EndProject
Project("{9A19103F-16F7-4668-BE54-9A1E7A4F7556}") = "KGySoft.Drawing.SkiaSharp.PerformanceTest", "KGySoft.Drawing.SkiaSharp.PerformanceTest\KGySoft.Drawing.SkiaSharp.PerformanceTest.csproj", "{E578B567-A7A1-4EAC-9CD2-49D668F5A517}"
EndProject
Global
	GlobalSection(SolutionConfigurationPlatforms) = preSolution
		Debug|Any CPU = Debug|Any CPU
		Release|Any CPU = Release|Any CPU
	EndGlobalSection
	GlobalSection(ProjectConfigurationPlatforms) = postSolution
		{D7E9819D-1286-45FC-A699-C29CAF9595D7}.Debug|Any CPU.ActiveCfg = Debug|Any CPU
		{D7E9819D-1286-45FC-A699-C29CAF9595D7}.Debug|Any CPU.Build.0 = Debug|Any CPU
		{D7E9819D-1286-45FC-A699-C29CAF9595D7}.Release|Any CPU.ActiveCfg = Release|Any CPU
		{D7E9819D-1286-45FC-A699-C29CAF9595D7}.Release|Any CPU.Build.0 = Release|Any CPU
		{B407192C-D117-4F22-BEB7-94962ADF770D}.Debug|Any CPU.ActiveCfg = Debug|Any CPU
		{B407192C-D117-4F22-BEB7-94962ADF770D}.Debug|Any CPU.Build.0 = Debug|Any CPU
		{B407192C-D117-4F22-BEB7-94962ADF770D}.Release|Any CPU.ActiveCfg = Release|Any CPU
		{B407192C-D117-4F22-BEB7-94962ADF770D}.Release|Any CPU.Build.0 = Release|Any CPU
		{79584CE2-DE5D-4BB9-960E-0312F8EEF3F9}.Debug|Any CPU.ActiveCfg = Debug|Any CPU
		{79584CE2-DE5D-4BB9-960E-0312F8EEF3F9}.Debug|Any CPU.Build.0 = Debug|Any CPU
		{79584CE2-DE5D-4BB9-960E-0312F8EEF3F9}.Release|Any CPU.ActiveCfg = Release|Any CPU
		{79584CE2-DE5D-4BB9-960E-0312F8EEF3F9}.Release|Any CPU.Build.0 = Release|Any CPU
		{E578B567-A7A1-4EAC-9CD2-49D668F5A517}.Debug|Any CPU.ActiveCfg = Debug|Any CPU
		{E578B567-A7A1-4EAC-9CD2-49D668F5A517}.Debug|Any CPU.Build.0 = Debug|Any CPU
		{E578B567-A7A1-4EAC-9CD2-49D668F5A517}.Release|Any CPU.ActiveCfg = Release|Any CPU
		{E578B567-A7A1-4EAC-9CD2-49D668F5A517}.Release|Any CPU.Build.0 = Release|Any CPU
	EndGlobalSection
	GlobalSection(SolutionProperties) = preSolution
		HideSolutionNode = FALSE
	EndGlobalSection
	GlobalSection(NestedProjects) = preSolution
		{B407192C-D117-4F22-BEB7-94962ADF770D} = {F70FA685-21B4-4F9E-843B-47298AD10C30}
		{79584CE2-DE5D-4BB9-960E-0312F8EEF3F9} = {F70FA685-21B4-4F9E-843B-47298AD10C30}
		{E578B567-A7A1-4EAC-9CD2-49D668F5A517} = {F70FA685-21B4-4F9E-843B-47298AD10C30}
	EndGlobalSection
	GlobalSection(ExtensibilityGlobals) = postSolution
		SolutionGuid = {3CBD6F3A-17AB-41E2-B11D-05F1FE237522}
	EndGlobalSection
EndGlobal
