
Microsoft Visual Studio Solution File, Format Version 12.00
# Visual Studio 15
VisualStudioVersion = 15.0.28307.329
MinimumVisualStudioVersion = 10.0.40219.1
Project("{FAE04EC0-301F-11D3-BF4B-00C04F79EFBC}") = "KGySoft.Drawing", "KGySoft.Drawing\KGySoft.Drawing.csproj", "{06AEC656-8AE3-409C-AB2E-64C6A3712F8B}"
EndProject
Project("{FAE04EC0-301F-11D3-BF4B-00C04F79EFBC}") = "KGySoft.Drawing.UnitTest", "KGySoft.CoreLibraries.UnitTest\KGySoft.Drawing.UnitTest.csproj", "{7E74E3BC-2D32-458D-AF8F-E4171536A611}"
EndProject
Global
	GlobalSection(SolutionConfigurationPlatforms) = preSolution
		Debug_NET35|Any CPU = Debug_NET35|Any CPU
		Debug_NET40|Any CPU = Debug_NET40|Any CPU
		Debug_NET45|Any CPU = Debug_NET45|Any CPU
		Release_NET35|Any CPU = Release_NET35|Any CPU
		Release_NET40|Any CPU = Release_NET40|Any CPU
		Release_NET45|Any CPU = Release_NET45|Any CPU
	EndGlobalSection
	GlobalSection(ProjectConfigurationPlatforms) = postSolution
		{06AEC656-8AE3-409C-AB2E-64C6A3712F8B}.Debug_NET35|Any CPU.ActiveCfg = Debug_NET35|Any CPU
		{06AEC656-8AE3-409C-AB2E-64C6A3712F8B}.Debug_NET35|Any CPU.Build.0 = Debug_NET35|Any CPU
		{06AEC656-8AE3-409C-AB2E-64C6A3712F8B}.Debug_NET40|Any CPU.ActiveCfg = Debug_NET40|Any CPU
		{06AEC656-8AE3-409C-AB2E-64C6A3712F8B}.Debug_NET40|Any CPU.Build.0 = Debug_NET40|Any CPU
		{06AEC656-8AE3-409C-AB2E-64C6A3712F8B}.Debug_NET45|Any CPU.ActiveCfg = Debug_NET45|Any CPU
		{06AEC656-8AE3-409C-AB2E-64C6A3712F8B}.Debug_NET45|Any CPU.Build.0 = Debug_NET45|Any CPU
		{06AEC656-8AE3-409C-AB2E-64C6A3712F8B}.Release_NET35|Any CPU.ActiveCfg = Release_NET35|Any CPU
		{06AEC656-8AE3-409C-AB2E-64C6A3712F8B}.Release_NET35|Any CPU.Build.0 = Release_NET35|Any CPU
		{06AEC656-8AE3-409C-AB2E-64C6A3712F8B}.Release_NET40|Any CPU.ActiveCfg = Release_NET40|Any CPU
		{06AEC656-8AE3-409C-AB2E-64C6A3712F8B}.Release_NET40|Any CPU.Build.0 = Release_NET40|Any CPU
		{06AEC656-8AE3-409C-AB2E-64C6A3712F8B}.Release_NET45|Any CPU.ActiveCfg = Release_NET45|Any CPU
		{06AEC656-8AE3-409C-AB2E-64C6A3712F8B}.Release_NET45|Any CPU.Build.0 = Release_NET45|Any CPU
		{7E74E3BC-2D32-458D-AF8F-E4171536A611}.Debug_NET35|Any CPU.ActiveCfg = Debug_NET35|Any CPU
		{7E74E3BC-2D32-458D-AF8F-E4171536A611}.Debug_NET35|Any CPU.Build.0 = Debug_NET35|Any CPU
		{7E74E3BC-2D32-458D-AF8F-E4171536A611}.Debug_NET40|Any CPU.ActiveCfg = Debug_NET40|Any CPU
		{7E74E3BC-2D32-458D-AF8F-E4171536A611}.Debug_NET40|Any CPU.Build.0 = Debug_NET40|Any CPU
		{7E74E3BC-2D32-458D-AF8F-E4171536A611}.Debug_NET45|Any CPU.ActiveCfg = Debug_NET45|Any CPU
		{7E74E3BC-2D32-458D-AF8F-E4171536A611}.Debug_NET45|Any CPU.Build.0 = Debug_NET45|Any CPU
		{7E74E3BC-2D32-458D-AF8F-E4171536A611}.Release_NET35|Any CPU.ActiveCfg = Release_NET35|Any CPU
		{7E74E3BC-2D32-458D-AF8F-E4171536A611}.Release_NET35|Any CPU.Build.0 = Release_NET35|Any CPU
		{7E74E3BC-2D32-458D-AF8F-E4171536A611}.Release_NET40|Any CPU.ActiveCfg = Release_NET40|Any CPU
		{7E74E3BC-2D32-458D-AF8F-E4171536A611}.Release_NET40|Any CPU.Build.0 = Release_NET40|Any CPU
		{7E74E3BC-2D32-458D-AF8F-E4171536A611}.Release_NET45|Any CPU.ActiveCfg = Release_NET45|Any CPU
		{7E74E3BC-2D32-458D-AF8F-E4171536A611}.Release_NET45|Any CPU.Build.0 = Release_NET45|Any CPU
	EndGlobalSection
	GlobalSection(SolutionProperties) = preSolution
		HideSolutionNode = FALSE
	EndGlobalSection
	GlobalSection(ExtensibilityGlobals) = postSolution
		SolutionGuid = {0FAD51C6-1E18-4C33-A1E4-1E9C7DDB9570}
	EndGlobalSection
EndGlobal
