
Microsoft Visual Studio Solution File, Format Version 12.00
# Visual Studio Version 17
VisualStudioVersion = 17.1.32210.238
MinimumVisualStudioVersion = 10.0.40219.1
Project("{9A19103F-16F7-4668-BE54-9A1E7A4F7556}") = "KGySoft.Drawing", "Specific\GdiPlus\KGySoft.Drawing\KGySoft.Drawing.csproj", "{06AEC656-8AE3-409C-AB2E-64C6A3712F8B}"
EndProject
Project("{9A19103F-16F7-4668-BE54-9A1E7A4F7556}") = "KGySoft.Drawing.UnitTest", "Specific\GdiPlus\KGySoft.Drawing.UnitTest\KGySoft.Drawing.UnitTest.csproj", "{7E74E3BC-2D32-458D-AF8F-E4171536A611}"
EndProject
Project("{2150E333-8FDC-42A3-9474-1A3956D46DE8}") = "_Solution Items", "_Solution Items", "{A0FE0FF5-C320-44F4-AA26-B0600C69CD38}"
	ProjectSection(SolutionItems) = preProject
		.editorconfig = .editorconfig
		KGySoft.Drawing.ruleset = KGySoft.Drawing.ruleset
		KGySoft.snk = KGySoft.snk
		LICENSE = LICENSE
		README.md = README.md
	EndProjectSection
EndProject
Project("{9A19103F-16F7-4668-BE54-9A1E7A4F7556}") = "KGySoft.Drawing.PerformanceTest", "Specific\GdiPlus\KGySoft.Drawing.PerformanceTest\KGySoft.Drawing.PerformanceTest.csproj", "{E6759E07-91EA-4736-A256-268BDC8ABC65}"
EndProject
Project("{9A19103F-16F7-4668-BE54-9A1E7A4F7556}") = "KGySoft.Drawing.Core", "KGySoft.Drawing.Core\KGySoft.Drawing.Core.csproj", "{F030BCA6-4FE3-481B-BA49-5BB66C305408}"
EndProject
Project("{9A19103F-16F7-4668-BE54-9A1E7A4F7556}") = "KGySoft.Drawing.Core.UnitTest", "KGySoft.Drawing.Core.UnitTest\KGySoft.Drawing.Core.UnitTest.csproj", "{4E2D19FB-705E-4F9B-A7A3-D185B5D7CBDF}"
EndProject
Project("{2150E333-8FDC-42A3-9474-1A3956D46DE8}") = "Specific", "Specific", "{1F64BBA7-A172-4356-8ED7-B4765F03C08E}"
EndProject
Project("{2150E333-8FDC-42A3-9474-1A3956D46DE8}") = "GdiPlus", "GdiPlus", "{80A90153-5324-4928-A695-C09D2CE77F3B}"
EndProject
Project("{2150E333-8FDC-42A3-9474-1A3956D46DE8}") = "Wpf", "Wpf", "{C1DC58E1-7584-4447-A974-D3685E3AD272}"
EndProject
Project("{9A19103F-16F7-4668-BE54-9A1E7A4F7556}") = "KGySoft.Drawing.Wpf", "Specific\Wpf\KGySoft.Drawing.Wpf\KGySoft.Drawing.Wpf.csproj", "{45C73BF1-2C6F-433F-81D7-A292D573FB69}"
EndProject
Project("{9A19103F-16F7-4668-BE54-9A1E7A4F7556}") = "KGySoft.Drawing.Wpf.UnitTest", "Specific\Wpf\KGySoft.Drawing.Wpf.UnitTest\KGySoft.Drawing.Wpf.UnitTest.csproj", "{88D10E91-1586-4E1A-B8E0-0502A911D5A4}"
EndProject
Project("{2150E333-8FDC-42A3-9474-1A3956D46DE8}") = "Uwp", "Uwp", "{C022057E-A852-4E98-B058-159C5A66AC76}"
EndProject
Project("{FAE04EC0-301F-11D3-BF4B-00C04F79EFBC}") = "KGySoft.Drawing.Uwp", "Specific\Uwp\KGySoft.Drawing.Uwp\KGySoft.Drawing.Uwp.csproj", "{B268A78C-730A-4CB0-8CAB-2831C9C935FC}"
EndProject
Project("{2150E333-8FDC-42A3-9474-1A3956D46DE8}") = "WinUI", "WinUI", "{301ACD6A-D907-45C6-AB5D-0093D088C9F0}"
EndProject
Project("{9A19103F-16F7-4668-BE54-9A1E7A4F7556}") = "KGySoft.Drawing.WinUI", "Specific\WinUI\KGySoft.Drawing.WinUI\KGySoft.Drawing.WinUI.csproj", "{597BEC1F-2118-46B2-B4CF-7B97AC68B728}"
EndProject
Project("{FAE04EC0-301F-11D3-BF4B-00C04F79EFBC}") = "KGySoft.Drawing.Uwp.UnitTest", "Specific\Uwp\KGySoft.Drawing.Uwp.UnitTest\KGySoft.Drawing.Uwp.UnitTest.csproj", "{B1650067-6047-400D-AF6F-73567F017963}"
EndProject
Global
	GlobalSection(SolutionConfigurationPlatforms) = preSolution
		Debug|Any CPU = Debug|Any CPU
		Debug|ARM = Debug|ARM
		Debug|ARM64 = Debug|ARM64
		Debug|x64 = Debug|x64
		Debug|x86 = Debug|x86
		Release|Any CPU = Release|Any CPU
		Release|ARM = Release|ARM
		Release|ARM64 = Release|ARM64
		Release|x64 = Release|x64
		Release|x86 = Release|x86
	EndGlobalSection
	GlobalSection(ProjectConfigurationPlatforms) = postSolution
		{06AEC656-8AE3-409C-AB2E-64C6A3712F8B}.Debug|Any CPU.ActiveCfg = Debug|Any CPU
		{06AEC656-8AE3-409C-AB2E-64C6A3712F8B}.Debug|Any CPU.Build.0 = Debug|Any CPU
		{06AEC656-8AE3-409C-AB2E-64C6A3712F8B}.Debug|ARM.ActiveCfg = Debug|Any CPU
		{06AEC656-8AE3-409C-AB2E-64C6A3712F8B}.Debug|ARM.Build.0 = Debug|Any CPU
		{06AEC656-8AE3-409C-AB2E-64C6A3712F8B}.Debug|ARM64.ActiveCfg = Debug|Any CPU
		{06AEC656-8AE3-409C-AB2E-64C6A3712F8B}.Debug|ARM64.Build.0 = Debug|Any CPU
		{06AEC656-8AE3-409C-AB2E-64C6A3712F8B}.Debug|x64.ActiveCfg = Debug|Any CPU
		{06AEC656-8AE3-409C-AB2E-64C6A3712F8B}.Debug|x64.Build.0 = Debug|Any CPU
		{06AEC656-8AE3-409C-AB2E-64C6A3712F8B}.Debug|x86.ActiveCfg = Debug|Any CPU
		{06AEC656-8AE3-409C-AB2E-64C6A3712F8B}.Debug|x86.Build.0 = Debug|Any CPU
		{06AEC656-8AE3-409C-AB2E-64C6A3712F8B}.Release|Any CPU.ActiveCfg = Release|Any CPU
		{06AEC656-8AE3-409C-AB2E-64C6A3712F8B}.Release|Any CPU.Build.0 = Release|Any CPU
		{06AEC656-8AE3-409C-AB2E-64C6A3712F8B}.Release|ARM.ActiveCfg = Release|Any CPU
		{06AEC656-8AE3-409C-AB2E-64C6A3712F8B}.Release|ARM.Build.0 = Release|Any CPU
		{06AEC656-8AE3-409C-AB2E-64C6A3712F8B}.Release|ARM64.ActiveCfg = Release|Any CPU
		{06AEC656-8AE3-409C-AB2E-64C6A3712F8B}.Release|ARM64.Build.0 = Release|Any CPU
		{06AEC656-8AE3-409C-AB2E-64C6A3712F8B}.Release|x64.ActiveCfg = Release|Any CPU
		{06AEC656-8AE3-409C-AB2E-64C6A3712F8B}.Release|x64.Build.0 = Release|Any CPU
		{06AEC656-8AE3-409C-AB2E-64C6A3712F8B}.Release|x86.ActiveCfg = Release|Any CPU
		{06AEC656-8AE3-409C-AB2E-64C6A3712F8B}.Release|x86.Build.0 = Release|Any CPU
		{7E74E3BC-2D32-458D-AF8F-E4171536A611}.Debug|Any CPU.ActiveCfg = Debug|Any CPU
		{7E74E3BC-2D32-458D-AF8F-E4171536A611}.Debug|Any CPU.Build.0 = Debug|Any CPU
		{7E74E3BC-2D32-458D-AF8F-E4171536A611}.Debug|ARM.ActiveCfg = Debug|Any CPU
		{7E74E3BC-2D32-458D-AF8F-E4171536A611}.Debug|ARM64.ActiveCfg = Debug|Any CPU
		{7E74E3BC-2D32-458D-AF8F-E4171536A611}.Debug|x64.ActiveCfg = Debug|Any CPU
		{7E74E3BC-2D32-458D-AF8F-E4171536A611}.Debug|x86.ActiveCfg = Debug|Any CPU
		{7E74E3BC-2D32-458D-AF8F-E4171536A611}.Release|Any CPU.ActiveCfg = Release|Any CPU
		{7E74E3BC-2D32-458D-AF8F-E4171536A611}.Release|Any CPU.Build.0 = Release|Any CPU
		{7E74E3BC-2D32-458D-AF8F-E4171536A611}.Release|ARM.ActiveCfg = Release|Any CPU
		{7E74E3BC-2D32-458D-AF8F-E4171536A611}.Release|ARM64.ActiveCfg = Release|Any CPU
		{7E74E3BC-2D32-458D-AF8F-E4171536A611}.Release|x64.ActiveCfg = Release|Any CPU
		{7E74E3BC-2D32-458D-AF8F-E4171536A611}.Release|x86.ActiveCfg = Release|Any CPU
		{E6759E07-91EA-4736-A256-268BDC8ABC65}.Debug|Any CPU.ActiveCfg = Debug|Any CPU
		{E6759E07-91EA-4736-A256-268BDC8ABC65}.Debug|Any CPU.Build.0 = Debug|Any CPU
		{E6759E07-91EA-4736-A256-268BDC8ABC65}.Debug|ARM.ActiveCfg = Debug|Any CPU
		{E6759E07-91EA-4736-A256-268BDC8ABC65}.Debug|ARM64.ActiveCfg = Debug|Any CPU
		{E6759E07-91EA-4736-A256-268BDC8ABC65}.Debug|x64.ActiveCfg = Debug|Any CPU
		{E6759E07-91EA-4736-A256-268BDC8ABC65}.Debug|x86.ActiveCfg = Debug|Any CPU
		{E6759E07-91EA-4736-A256-268BDC8ABC65}.Release|Any CPU.ActiveCfg = Release|Any CPU
		{E6759E07-91EA-4736-A256-268BDC8ABC65}.Release|Any CPU.Build.0 = Release|Any CPU
		{E6759E07-91EA-4736-A256-268BDC8ABC65}.Release|ARM.ActiveCfg = Release|Any CPU
		{E6759E07-91EA-4736-A256-268BDC8ABC65}.Release|ARM64.ActiveCfg = Release|Any CPU
		{E6759E07-91EA-4736-A256-268BDC8ABC65}.Release|x64.ActiveCfg = Release|Any CPU
		{E6759E07-91EA-4736-A256-268BDC8ABC65}.Release|x86.ActiveCfg = Release|Any CPU
		{F030BCA6-4FE3-481B-BA49-5BB66C305408}.Debug|Any CPU.ActiveCfg = Debug|Any CPU
		{F030BCA6-4FE3-481B-BA49-5BB66C305408}.Debug|Any CPU.Build.0 = Debug|Any CPU
		{F030BCA6-4FE3-481B-BA49-5BB66C305408}.Debug|ARM.ActiveCfg = Debug|Any CPU
		{F030BCA6-4FE3-481B-BA49-5BB66C305408}.Debug|ARM.Build.0 = Debug|Any CPU
		{F030BCA6-4FE3-481B-BA49-5BB66C305408}.Debug|ARM64.ActiveCfg = Debug|Any CPU
		{F030BCA6-4FE3-481B-BA49-5BB66C305408}.Debug|ARM64.Build.0 = Debug|Any CPU
		{F030BCA6-4FE3-481B-BA49-5BB66C305408}.Debug|x64.ActiveCfg = Debug|Any CPU
		{F030BCA6-4FE3-481B-BA49-5BB66C305408}.Debug|x64.Build.0 = Debug|Any CPU
		{F030BCA6-4FE3-481B-BA49-5BB66C305408}.Debug|x86.ActiveCfg = Debug|Any CPU
		{F030BCA6-4FE3-481B-BA49-5BB66C305408}.Debug|x86.Build.0 = Debug|Any CPU
		{F030BCA6-4FE3-481B-BA49-5BB66C305408}.Release|Any CPU.ActiveCfg = Release|Any CPU
		{F030BCA6-4FE3-481B-BA49-5BB66C305408}.Release|Any CPU.Build.0 = Release|Any CPU
		{F030BCA6-4FE3-481B-BA49-5BB66C305408}.Release|ARM.ActiveCfg = Release|Any CPU
		{F030BCA6-4FE3-481B-BA49-5BB66C305408}.Release|ARM.Build.0 = Release|Any CPU
		{F030BCA6-4FE3-481B-BA49-5BB66C305408}.Release|ARM64.ActiveCfg = Release|Any CPU
		{F030BCA6-4FE3-481B-BA49-5BB66C305408}.Release|ARM64.Build.0 = Release|Any CPU
		{F030BCA6-4FE3-481B-BA49-5BB66C305408}.Release|x64.ActiveCfg = Release|Any CPU
		{F030BCA6-4FE3-481B-BA49-5BB66C305408}.Release|x64.Build.0 = Release|Any CPU
		{F030BCA6-4FE3-481B-BA49-5BB66C305408}.Release|x86.ActiveCfg = Release|Any CPU
		{F030BCA6-4FE3-481B-BA49-5BB66C305408}.Release|x86.Build.0 = Release|Any CPU
		{4E2D19FB-705E-4F9B-A7A3-D185B5D7CBDF}.Debug|Any CPU.ActiveCfg = Debug|Any CPU
		{4E2D19FB-705E-4F9B-A7A3-D185B5D7CBDF}.Debug|Any CPU.Build.0 = Debug|Any CPU
		{4E2D19FB-705E-4F9B-A7A3-D185B5D7CBDF}.Debug|ARM.ActiveCfg = Debug|Any CPU
		{4E2D19FB-705E-4F9B-A7A3-D185B5D7CBDF}.Debug|ARM64.ActiveCfg = Debug|Any CPU
		{4E2D19FB-705E-4F9B-A7A3-D185B5D7CBDF}.Debug|x64.ActiveCfg = Debug|Any CPU
		{4E2D19FB-705E-4F9B-A7A3-D185B5D7CBDF}.Debug|x86.ActiveCfg = Debug|Any CPU
		{4E2D19FB-705E-4F9B-A7A3-D185B5D7CBDF}.Release|Any CPU.ActiveCfg = Release|Any CPU
		{4E2D19FB-705E-4F9B-A7A3-D185B5D7CBDF}.Release|Any CPU.Build.0 = Release|Any CPU
		{4E2D19FB-705E-4F9B-A7A3-D185B5D7CBDF}.Release|ARM.ActiveCfg = Release|Any CPU
		{4E2D19FB-705E-4F9B-A7A3-D185B5D7CBDF}.Release|ARM64.ActiveCfg = Release|Any CPU
		{4E2D19FB-705E-4F9B-A7A3-D185B5D7CBDF}.Release|x64.ActiveCfg = Release|Any CPU
		{4E2D19FB-705E-4F9B-A7A3-D185B5D7CBDF}.Release|x86.ActiveCfg = Release|Any CPU
		{45C73BF1-2C6F-433F-81D7-A292D573FB69}.Debug|Any CPU.ActiveCfg = Debug|Any CPU
		{45C73BF1-2C6F-433F-81D7-A292D573FB69}.Debug|Any CPU.Build.0 = Debug|Any CPU
		{45C73BF1-2C6F-433F-81D7-A292D573FB69}.Debug|ARM.ActiveCfg = Debug|Any CPU
		{45C73BF1-2C6F-433F-81D7-A292D573FB69}.Debug|ARM.Build.0 = Debug|Any CPU
		{45C73BF1-2C6F-433F-81D7-A292D573FB69}.Debug|ARM64.ActiveCfg = Debug|Any CPU
		{45C73BF1-2C6F-433F-81D7-A292D573FB69}.Debug|ARM64.Build.0 = Debug|Any CPU
		{45C73BF1-2C6F-433F-81D7-A292D573FB69}.Debug|x64.ActiveCfg = Debug|Any CPU
		{45C73BF1-2C6F-433F-81D7-A292D573FB69}.Debug|x64.Build.0 = Debug|Any CPU
		{45C73BF1-2C6F-433F-81D7-A292D573FB69}.Debug|x86.ActiveCfg = Debug|Any CPU
		{45C73BF1-2C6F-433F-81D7-A292D573FB69}.Debug|x86.Build.0 = Debug|Any CPU
		{45C73BF1-2C6F-433F-81D7-A292D573FB69}.Release|Any CPU.ActiveCfg = Release|Any CPU
		{45C73BF1-2C6F-433F-81D7-A292D573FB69}.Release|Any CPU.Build.0 = Release|Any CPU
		{45C73BF1-2C6F-433F-81D7-A292D573FB69}.Release|ARM.ActiveCfg = Release|Any CPU
		{45C73BF1-2C6F-433F-81D7-A292D573FB69}.Release|ARM.Build.0 = Release|Any CPU
		{45C73BF1-2C6F-433F-81D7-A292D573FB69}.Release|ARM64.ActiveCfg = Release|Any CPU
		{45C73BF1-2C6F-433F-81D7-A292D573FB69}.Release|ARM64.Build.0 = Release|Any CPU
		{45C73BF1-2C6F-433F-81D7-A292D573FB69}.Release|x64.ActiveCfg = Release|Any CPU
		{45C73BF1-2C6F-433F-81D7-A292D573FB69}.Release|x64.Build.0 = Release|Any CPU
		{45C73BF1-2C6F-433F-81D7-A292D573FB69}.Release|x86.ActiveCfg = Release|Any CPU
		{45C73BF1-2C6F-433F-81D7-A292D573FB69}.Release|x86.Build.0 = Release|Any CPU
		{88D10E91-1586-4E1A-B8E0-0502A911D5A4}.Debug|Any CPU.ActiveCfg = Debug|Any CPU
		{88D10E91-1586-4E1A-B8E0-0502A911D5A4}.Debug|Any CPU.Build.0 = Debug|Any CPU
		{88D10E91-1586-4E1A-B8E0-0502A911D5A4}.Debug|ARM.ActiveCfg = Debug|Any CPU
		{88D10E91-1586-4E1A-B8E0-0502A911D5A4}.Debug|ARM64.ActiveCfg = Debug|Any CPU
		{88D10E91-1586-4E1A-B8E0-0502A911D5A4}.Debug|x64.ActiveCfg = Debug|Any CPU
		{88D10E91-1586-4E1A-B8E0-0502A911D5A4}.Debug|x86.ActiveCfg = Debug|Any CPU
		{88D10E91-1586-4E1A-B8E0-0502A911D5A4}.Release|Any CPU.ActiveCfg = Release|Any CPU
		{88D10E91-1586-4E1A-B8E0-0502A911D5A4}.Release|Any CPU.Build.0 = Release|Any CPU
		{88D10E91-1586-4E1A-B8E0-0502A911D5A4}.Release|ARM.ActiveCfg = Release|Any CPU
		{88D10E91-1586-4E1A-B8E0-0502A911D5A4}.Release|ARM64.ActiveCfg = Release|Any CPU
		{88D10E91-1586-4E1A-B8E0-0502A911D5A4}.Release|x64.ActiveCfg = Release|Any CPU
		{88D10E91-1586-4E1A-B8E0-0502A911D5A4}.Release|x86.ActiveCfg = Release|Any CPU
		{B268A78C-730A-4CB0-8CAB-2831C9C935FC}.Debug|Any CPU.ActiveCfg = Debug|Any CPU
		{B268A78C-730A-4CB0-8CAB-2831C9C935FC}.Debug|Any CPU.Build.0 = Debug|Any CPU
		{B268A78C-730A-4CB0-8CAB-2831C9C935FC}.Debug|ARM.ActiveCfg = Debug|Any CPU
		{B268A78C-730A-4CB0-8CAB-2831C9C935FC}.Debug|ARM.Build.0 = Debug|Any CPU
		{B268A78C-730A-4CB0-8CAB-2831C9C935FC}.Debug|ARM64.ActiveCfg = Debug|Any CPU
		{B268A78C-730A-4CB0-8CAB-2831C9C935FC}.Debug|ARM64.Build.0 = Debug|Any CPU
		{B268A78C-730A-4CB0-8CAB-2831C9C935FC}.Debug|x64.ActiveCfg = Debug|Any CPU
		{B268A78C-730A-4CB0-8CAB-2831C9C935FC}.Debug|x64.Build.0 = Debug|Any CPU
		{B268A78C-730A-4CB0-8CAB-2831C9C935FC}.Debug|x86.ActiveCfg = Debug|Any CPU
		{B268A78C-730A-4CB0-8CAB-2831C9C935FC}.Debug|x86.Build.0 = Debug|Any CPU
		{B268A78C-730A-4CB0-8CAB-2831C9C935FC}.Release|Any CPU.ActiveCfg = Release|Any CPU
		{B268A78C-730A-4CB0-8CAB-2831C9C935FC}.Release|Any CPU.Build.0 = Release|Any CPU
		{B268A78C-730A-4CB0-8CAB-2831C9C935FC}.Release|ARM.ActiveCfg = Release|Any CPU
		{B268A78C-730A-4CB0-8CAB-2831C9C935FC}.Release|ARM.Build.0 = Release|Any CPU
		{B268A78C-730A-4CB0-8CAB-2831C9C935FC}.Release|ARM64.ActiveCfg = Release|Any CPU
		{B268A78C-730A-4CB0-8CAB-2831C9C935FC}.Release|ARM64.Build.0 = Release|Any CPU
		{B268A78C-730A-4CB0-8CAB-2831C9C935FC}.Release|x64.ActiveCfg = Release|Any CPU
		{B268A78C-730A-4CB0-8CAB-2831C9C935FC}.Release|x64.Build.0 = Release|Any CPU
		{B268A78C-730A-4CB0-8CAB-2831C9C935FC}.Release|x86.ActiveCfg = Release|Any CPU
		{B268A78C-730A-4CB0-8CAB-2831C9C935FC}.Release|x86.Build.0 = Release|Any CPU
		{597BEC1F-2118-46B2-B4CF-7B97AC68B728}.Debug|Any CPU.ActiveCfg = Debug|Any CPU
		{597BEC1F-2118-46B2-B4CF-7B97AC68B728}.Debug|Any CPU.Build.0 = Debug|Any CPU
		{597BEC1F-2118-46B2-B4CF-7B97AC68B728}.Debug|ARM.ActiveCfg = Debug|Any CPU
		{597BEC1F-2118-46B2-B4CF-7B97AC68B728}.Debug|ARM64.ActiveCfg = Debug|Any CPU
		{597BEC1F-2118-46B2-B4CF-7B97AC68B728}.Debug|x64.ActiveCfg = Debug|Any CPU
		{597BEC1F-2118-46B2-B4CF-7B97AC68B728}.Debug|x86.ActiveCfg = Debug|Any CPU
		{597BEC1F-2118-46B2-B4CF-7B97AC68B728}.Release|Any CPU.ActiveCfg = Release|Any CPU
		{597BEC1F-2118-46B2-B4CF-7B97AC68B728}.Release|Any CPU.Build.0 = Release|Any CPU
		{597BEC1F-2118-46B2-B4CF-7B97AC68B728}.Release|ARM.ActiveCfg = Release|Any CPU
		{597BEC1F-2118-46B2-B4CF-7B97AC68B728}.Release|ARM64.ActiveCfg = Release|Any CPU
		{597BEC1F-2118-46B2-B4CF-7B97AC68B728}.Release|x64.ActiveCfg = Release|Any CPU
		{597BEC1F-2118-46B2-B4CF-7B97AC68B728}.Release|x86.ActiveCfg = Release|Any CPU
		{B1650067-6047-400D-AF6F-73567F017963}.Debug|Any CPU.ActiveCfg = Debug|x64
		{B1650067-6047-400D-AF6F-73567F017963}.Debug|Any CPU.Build.0 = Debug|x64
		{B1650067-6047-400D-AF6F-73567F017963}.Debug|Any CPU.Deploy.0 = Debug|x64
		{B1650067-6047-400D-AF6F-73567F017963}.Debug|ARM.ActiveCfg = Debug|ARM
		{B1650067-6047-400D-AF6F-73567F017963}.Debug|ARM.Build.0 = Debug|ARM
		{B1650067-6047-400D-AF6F-73567F017963}.Debug|ARM.Deploy.0 = Debug|ARM
		{B1650067-6047-400D-AF6F-73567F017963}.Debug|ARM64.ActiveCfg = Debug|ARM64
		{B1650067-6047-400D-AF6F-73567F017963}.Debug|ARM64.Build.0 = Debug|ARM64
		{B1650067-6047-400D-AF6F-73567F017963}.Debug|ARM64.Deploy.0 = Debug|ARM64
		{B1650067-6047-400D-AF6F-73567F017963}.Debug|x64.ActiveCfg = Debug|x64
		{B1650067-6047-400D-AF6F-73567F017963}.Debug|x64.Build.0 = Debug|x64
		{B1650067-6047-400D-AF6F-73567F017963}.Debug|x64.Deploy.0 = Debug|x64
		{B1650067-6047-400D-AF6F-73567F017963}.Debug|x86.ActiveCfg = Debug|x86
		{B1650067-6047-400D-AF6F-73567F017963}.Debug|x86.Build.0 = Debug|x86
		{B1650067-6047-400D-AF6F-73567F017963}.Debug|x86.Deploy.0 = Debug|x86
		{B1650067-6047-400D-AF6F-73567F017963}.Release|Any CPU.ActiveCfg = Release|x64
		{B1650067-6047-400D-AF6F-73567F017963}.Release|Any CPU.Build.0 = Release|x64
		{B1650067-6047-400D-AF6F-73567F017963}.Release|Any CPU.Deploy.0 = Release|x64
		{B1650067-6047-400D-AF6F-73567F017963}.Release|ARM.ActiveCfg = Release|ARM
		{B1650067-6047-400D-AF6F-73567F017963}.Release|ARM.Build.0 = Release|ARM
		{B1650067-6047-400D-AF6F-73567F017963}.Release|ARM.Deploy.0 = Release|ARM
		{B1650067-6047-400D-AF6F-73567F017963}.Release|ARM64.ActiveCfg = Release|ARM64
		{B1650067-6047-400D-AF6F-73567F017963}.Release|ARM64.Build.0 = Release|ARM64
		{B1650067-6047-400D-AF6F-73567F017963}.Release|ARM64.Deploy.0 = Release|ARM64
		{B1650067-6047-400D-AF6F-73567F017963}.Release|x64.ActiveCfg = Release|x64
		{B1650067-6047-400D-AF6F-73567F017963}.Release|x64.Build.0 = Release|x64
		{B1650067-6047-400D-AF6F-73567F017963}.Release|x64.Deploy.0 = Release|x64
		{B1650067-6047-400D-AF6F-73567F017963}.Release|x86.ActiveCfg = Release|x86
		{B1650067-6047-400D-AF6F-73567F017963}.Release|x86.Build.0 = Release|x86
		{B1650067-6047-400D-AF6F-73567F017963}.Release|x86.Deploy.0 = Release|x86
	EndGlobalSection
	GlobalSection(SolutionProperties) = preSolution
		HideSolutionNode = FALSE
	EndGlobalSection
	GlobalSection(NestedProjects) = preSolution
		{06AEC656-8AE3-409C-AB2E-64C6A3712F8B} = {80A90153-5324-4928-A695-C09D2CE77F3B}
		{7E74E3BC-2D32-458D-AF8F-E4171536A611} = {80A90153-5324-4928-A695-C09D2CE77F3B}
		{E6759E07-91EA-4736-A256-268BDC8ABC65} = {80A90153-5324-4928-A695-C09D2CE77F3B}
		{80A90153-5324-4928-A695-C09D2CE77F3B} = {1F64BBA7-A172-4356-8ED7-B4765F03C08E}
		{C1DC58E1-7584-4447-A974-D3685E3AD272} = {1F64BBA7-A172-4356-8ED7-B4765F03C08E}
		{45C73BF1-2C6F-433F-81D7-A292D573FB69} = {C1DC58E1-7584-4447-A974-D3685E3AD272}
		{88D10E91-1586-4E1A-B8E0-0502A911D5A4} = {C1DC58E1-7584-4447-A974-D3685E3AD272}
		{C022057E-A852-4E98-B058-159C5A66AC76} = {1F64BBA7-A172-4356-8ED7-B4765F03C08E}
		{B268A78C-730A-4CB0-8CAB-2831C9C935FC} = {C022057E-A852-4E98-B058-159C5A66AC76}
		{301ACD6A-D907-45C6-AB5D-0093D088C9F0} = {1F64BBA7-A172-4356-8ED7-B4765F03C08E}
		{597BEC1F-2118-46B2-B4CF-7B97AC68B728} = {301ACD6A-D907-45C6-AB5D-0093D088C9F0}
		{B1650067-6047-400D-AF6F-73567F017963} = {C022057E-A852-4E98-B058-159C5A66AC76}
	EndGlobalSection
	GlobalSection(ExtensibilityGlobals) = postSolution
		SolutionGuid = {0FAD51C6-1E18-4C33-A1E4-1E9C7DDB9570}
	EndGlobalSection
EndGlobal
