
Microsoft Visual Studio Solution File, Format Version 12.00
# Visual Studio Version 17
VisualStudioVersion = 17.2.32630.192
MinimumVisualStudioVersion = 10.0.40219.1
Project("{2150E333-8FDC-42A3-9474-1A3956D46DE8}") = "_Solution Items", "_Solution Items", "{950E950D-DBE3-476E-959F-C5A7B67BA07F}"
	ProjectSection(SolutionItems) = preProject
		..\..\.editorconfig = ..\..\.editorconfig
		..\..\KGySoft.Drawing.ruleset = ..\..\KGySoft.Drawing.ruleset
		..\..\KGySoft.snk = ..\..\KGySoft.snk
		..\..\LICENSE = ..\..\LICENSE
		..\..\README.md = ..\..\README.md
	EndProjectSection
EndProject
Project("{2150E333-8FDC-42A3-9474-1A3956D46DE8}") = "GdiPlus", "GdiPlus", "{8400EA08-87DA-4DC2-8DB5-C50802582601}"
EndProject
Project("{9A19103F-16F7-4668-BE54-9A1E7A4F7556}") = "KGySoft.Drawing.Core", "..\..\KGySoft.Drawing.Core\KGySoft.Drawing.Core.csproj", "{E6D25362-453B-409E-A183-E928FF8C5FD3}"
EndProject
Project("{9A19103F-16F7-4668-BE54-9A1E7A4F7556}") = "KGySoft.Drawing", "KGySoft.Drawing\KGySoft.Drawing.csproj", "{5EC1DF37-5B62-4CA9-91B8-86966C3E0326}"
EndProject
Project("{9A19103F-16F7-4668-BE54-9A1E7A4F7556}") = "KGySoft.Drawing.UnitTest", "KGySoft.Drawing.UnitTest\KGySoft.Drawing.UnitTest.csproj", "{024818F6-9B77-4C8A-A0CC-E5C01DCEC893}"
EndProject
Project("{9A19103F-16F7-4668-BE54-9A1E7A4F7556}") = "KGySoft.Drawing.PerformanceTest", "KGySoft.Drawing.PerformanceTest\KGySoft.Drawing.PerformanceTest.csproj", "{0BDFCD2D-0841-4DEB-AFB5-EB70F72CDDB1}"
EndProject
Global
	GlobalSection(SolutionConfigurationPlatforms) = preSolution
		Debug|Any CPU = Debug|Any CPU
		Release|Any CPU = Release|Any CPU
	EndGlobalSection
	GlobalSection(ProjectConfigurationPlatforms) = postSolution
		{E6D25362-453B-409E-A183-E928FF8C5FD3}.Debug|Any CPU.ActiveCfg = Debug|Any CPU
		{E6D25362-453B-409E-A183-E928FF8C5FD3}.Debug|Any CPU.Build.0 = Debug|Any CPU
		{E6D25362-453B-409E-A183-E928FF8C5FD3}.Release|Any CPU.ActiveCfg = Release|Any CPU
		{E6D25362-453B-409E-A183-E928FF8C5FD3}.Release|Any CPU.Build.0 = Release|Any CPU
		{5EC1DF37-5B62-4CA9-91B8-86966C3E0326}.Debug|Any CPU.ActiveCfg = Debug|Any CPU
		{5EC1DF37-5B62-4CA9-91B8-86966C3E0326}.Debug|Any CPU.Build.0 = Debug|Any CPU
		{5EC1DF37-5B62-4CA9-91B8-86966C3E0326}.Release|Any CPU.ActiveCfg = Release|Any CPU
		{5EC1DF37-5B62-4CA9-91B8-86966C3E0326}.Release|Any CPU.Build.0 = Release|Any CPU
		{024818F6-9B77-4C8A-A0CC-E5C01DCEC893}.Debug|Any CPU.ActiveCfg = Debug|Any CPU
		{024818F6-9B77-4C8A-A0CC-E5C01DCEC893}.Debug|Any CPU.Build.0 = Debug|Any CPU
		{024818F6-9B77-4C8A-A0CC-E5C01DCEC893}.Release|Any CPU.ActiveCfg = Release|Any CPU
		{024818F6-9B77-4C8A-A0CC-E5C01DCEC893}.Release|Any CPU.Build.0 = Release|Any CPU
		{0BDFCD2D-0841-4DEB-AFB5-EB70F72CDDB1}.Debug|Any CPU.ActiveCfg = Debug|Any CPU
		{0BDFCD2D-0841-4DEB-AFB5-EB70F72CDDB1}.Debug|Any CPU.Build.0 = Debug|Any CPU
		{0BDFCD2D-0841-4DEB-AFB5-EB70F72CDDB1}.Release|Any CPU.ActiveCfg = Release|Any CPU
		{0BDFCD2D-0841-4DEB-AFB5-EB70F72CDDB1}.Release|Any CPU.Build.0 = Release|Any CPU
	EndGlobalSection
	GlobalSection(SolutionProperties) = preSolution
		HideSolutionNode = FALSE
	EndGlobalSection
	GlobalSection(NestedProjects) = preSolution
		{5EC1DF37-5B62-4CA9-91B8-86966C3E0326} = {8400EA08-87DA-4DC2-8DB5-C50802582601}
		{024818F6-9B77-4C8A-A0CC-E5C01DCEC893} = {8400EA08-87DA-4DC2-8DB5-C50802582601}
		{0BDFCD2D-0841-4DEB-AFB5-EB70F72CDDB1} = {8400EA08-87DA-4DC2-8DB5-C50802582601}
	EndGlobalSection
	GlobalSection(ExtensibilityGlobals) = postSolution
		SolutionGuid = {3CBD6F3A-17AB-41E2-B11D-05F1FE237522}
	EndGlobalSection
EndGlobal
