
Microsoft Visual Studio Solution File, Format Version 12.00
# Visual Studio Version 17
VisualStudioVersion = 17.2.32630.192
MinimumVisualStudioVersion = 10.0.40219.1
Project("{FAE04EC0-301F-11D3-BF4B-00C04F79EFBC}") = "KGySoft.Drawing.Examples.Wpf", "KGySoft.Drawing.Examples.Wpf\KGySoft.Drawing.Examples.Wpf.csproj", "{8194A33A-A36C-4528-84AE-A598B762B349}"
EndProject
Global
	GlobalSection(SolutionConfigurationPlatforms) = preSolution
		Debug|Any CPU = Debug|Any CPU
		Release|Any CPU = Release|Any CPU
	EndGlobalSection
	GlobalSection(ProjectConfigurationPlatforms) = postSolution
		{8194A33A-A36C-4528-84AE-A598B762B349}.Debug|Any CPU.ActiveCfg = Debug|Any CPU
		{8194A33A-A36C-4528-84AE-A598B762B349}.Debug|Any CPU.Build.0 = Debug|Any CPU
		{8194A33A-A36C-4528-84AE-A598B762B349}.Release|Any CPU.ActiveCfg = Release|Any CPU
		{8194A33A-A36C-4528-84AE-A598B762B349}.Release|Any CPU.Build.0 = Release|Any CPU
	EndGlobalSection
	GlobalSection(SolutionProperties) = preSolution
		HideSolutionNode = FALSE
	EndGlobalSection
	GlobalSection(ExtensibilityGlobals) = postSolution
		SolutionGuid = {D5C64881-AE4E-4A2B-9462-B62DD7C77C13}
	EndGlobalSection
EndGlobal
